
Microsoft Visual Studio Solution File, Format Version 12.00
Project("{FAE04EC0-301F-11D3-BF4B-00C04F79EFBC}") = "RandomHexCodeGenerator", "RandomHexCodeGenerator\RandomHexCodeGenerator.csproj", "{814DA864-1896-42E9-A7B4-0DB66A4CFD47}"
EndProject
Global
	GlobalSection(SolutionConfigurationPlatforms) = preSolution
		Debug|Any CPU = Debug|Any CPU
		Release|Any CPU = Release|Any CPU
	EndGlobalSection
	GlobalSection(ProjectConfigurationPlatforms) = postSolution
		{814DA864-1896-42E9-A7B4-0DB66A4CFD47}.Debug|Any CPU.ActiveCfg = Debug|Any CPU
		{814DA864-1896-42E9-A7B4-0DB66A4CFD47}.Debug|Any CPU.Build.0 = Debug|Any CPU
		{814DA864-1896-42E9-A7B4-0DB66A4CFD47}.Release|Any CPU.ActiveCfg = Release|Any CPU
		{814DA864-1896-42E9-A7B4-0DB66A4CFD47}.Release|Any CPU.Build.0 = Release|Any CPU
	EndGlobalSection
EndGlobal
